# This file is autogenerated, do not edit; changes may be undone by the next 'dep ensure'.


[[projects]]
  digest = "1:d5039f72505274cddd25fef3b4790e7d985eaf063a0c7df1363ed6292ddc30fb"
  name = "github.com/aws/aws-lambda-go"
  packages = [
    "lambda",
    "lambda/messages",
    "lambdacontext",
  ]
  pruneopts = ""
  revision = "6e2e37798efbb1dfd8e9c6681702e683a6046517"
  version = "v1.0.1"

[[projects]]
  digest = "1:638ec77d8b1e972eeec716b05f74898718be763b69feeb9d6fbdebdfc5150e7a"
  name = "github.com/aws/aws-sdk-go-v2"
  packages = ["."]
  pruneopts = ""
  revision = "ff1a530c31507c97cf5edbee226e604ca08661cc"
  version = "v2.0.0-preview.4"

[solve-meta]
  analyzer-name = "dep"
  analyzer-version = 1
  input-imports = [
    "github.com/aws/aws-lambda-go/lambda",
    "github.com/aws/aws-sdk-go-v2",
  ]
  solver-name = "gps-cdcl"
  solver-version = 1
