# This file is autogenerated, do not edit; changes may be undone by the next 'dep ensure'.


[[projects]]
  branch = "master"
  digest = "1:31d8d99992991e1498c669ccff1090b195ac5c5084c8ffdb2c746aed432ff7d3"
  name = "github.com/araddon/dateparse"
  packages = ["."]
  pruneopts = ""
  revision = "cfd92a431d0efe36a1b81ca25d15b98aae4dbdb6"

[[projects]]
  digest = "1:d5039f72505274cddd25fef3b4790e7d985eaf063a0c7df1363ed6292ddc30fb"
  name = "github.com/aws/aws-lambda-go"
  packages = [
    "lambda",
    "lambda/messages",
    "lambdacontext",
  ]
  pruneopts = ""
  revision = "6e2e37798efbb1dfd8e9c6681702e683a6046517"
  version = "v1.0.1"

[[projects]]
  digest = "1:638ec77d8b1e972eeec716b05f74898718be763b69feeb9d6fbdebdfc5150e7a"
  name = "github.com/aws/aws-sdk-go-v2"
  packages = [
    "aws",
    "aws/awserr",
    "aws/signer/v4",
    "internal/awsutil",
    "internal/sdk",
    "private/protocol",
    "private/protocol/query",
    "private/protocol/query/queryutil",
    "private/protocol/rest",
    "private/protocol/xml/xmlutil",
    "service/cloudwatch",
  ]
  pruneopts = ""
  revision = "ff1a530c31507c97cf5edbee226e604ca08661cc"
  version = "v2.0.0-preview.4"

[[projects]]
  digest = "1:0deddd908b6b4b768cfc272c16ee61e7088a60f7fe2f06c547bd3d8e1f8b8e77"
  name = "github.com/davecgh/go-spew"
  packages = ["spew"]
  pruneopts = ""
  revision = "8991bc29aa16c548c550c7ff78260e27b9ab7c73"
  version = "v1.1.1"

[[projects]]
  digest = "1:6f49eae0c1e5dab1dafafee34b207aeb7a42303105960944828c2079b92fc88e"
  name = "github.com/jmespath/go-jmespath"
  packages = ["."]
  pruneopts = ""
  revision = "0b12d6b5"

[[projects]]
  digest = "1:256484dbbcd271f9ecebc6795b2df8cad4c458dd0f5fd82a8c2fa0c29f233411"
  name = "github.com/pmezard/go-difflib"
  packages = ["difflib"]
  pruneopts = ""
  revision = "792786c7400a136282c1664665ae0a8db921c6c2"
  version = "v1.0.0"

[[projects]]
  digest = "1:711eebe744c0151a9d09af2315f0bb729b2ec7637ef4c410fa90a18ef74b65b6"
  name = "github.com/stretchr/objx"
  packages = ["."]
  pruneopts = ""
  revision = "477a77ecc69700c7cdeb1fa9e129548e1c1c393c"
  version = "v0.1.1"

[[projects]]
  digest = "1:c587772fb8ad29ad4db67575dad25ba17a51f072ff18a22b4f0257a4d9c24f75"
  name = "github.com/stretchr/testify"
  packages = [
    ".",
    "assert",
    "http",
    "mock",
  ]
  pruneopts = ""
  revision = "f35b8ab0b5a2cef36673838d662e249dd9c94686"
  version = "v1.2.2"

[solve-meta]
  analyzer-name = "dep"
  analyzer-version = 1
  input-imports = [
    "github.com/araddon/dateparse",
    "github.com/aws/aws-lambda-go/lambda",
    "github.com/aws/aws-sdk-go-v2/aws",
    "github.com/aws/aws-sdk-go-v2/service/cloudwatch",
    "github.com/stretchr/testify",
  ]
  solver-name = "gps-cdcl"
  solver-version = 1
